
Microsoft Visual Studio Solution File, Format Version 12.00
# Visual Studio 15
VisualStudioVersion = 15.0.26430.16
MinimumVisualStudioVersion = 10.0.40219.1
Project("{FAE04EC0-301F-11D3-BF4B-00C04F79EFBC}") = "Web_generalProjectExperiment", "Web_generalProjectExperiment\Web_generalProjectExperiment.csproj", "{1BCFFC7C-E5D1-4030-9C97-A604F94E4C7C}"
EndProject
Project("{FAE04EC0-301F-11D3-BF4B-00C04F79EFBC}") = "Web_Api", "Web_Api\Web_Api.csproj", "{0553065D-52B3-40DB-8AEC-13AF333F8420}"
EndProject
Global
	GlobalSection(SolutionConfigurationPlatforms) = preSolution
		Debug|Any CPU = Debug|Any CPU
		Release|Any CPU = Release|Any CPU
	EndGlobalSection
	GlobalSection(ProjectConfigurationPlatforms) = postSolution
		{1BCFFC7C-E5D1-4030-9C97-A604F94E4C7C}.Debug|Any CPU.ActiveCfg = Debug|Any CPU
		{1BCFFC7C-E5D1-4030-9C97-A604F94E4C7C}.Debug|Any CPU.Build.0 = Debug|Any CPU
		{1BCFFC7C-E5D1-4030-9C97-A604F94E4C7C}.Release|Any CPU.ActiveCfg = Release|Any CPU
		{1BCFFC7C-E5D1-4030-9C97-A604F94E4C7C}.Release|Any CPU.Build.0 = Release|Any CPU
		{0553065D-52B3-40DB-8AEC-13AF333F8420}.Debug|Any CPU.ActiveCfg = Debug|Any CPU
		{0553065D-52B3-40DB-8AEC-13AF333F8420}.Debug|Any CPU.Build.0 = Debug|Any CPU
		{0553065D-52B3-40DB-8AEC-13AF333F8420}.Release|Any CPU.ActiveCfg = Release|Any CPU
		{0553065D-52B3-40DB-8AEC-13AF333F8420}.Release|Any CPU.Build.0 = Release|Any CPU
	EndGlobalSection
	GlobalSection(SolutionProperties) = preSolution
		HideSolutionNode = FALSE
	EndGlobalSection
EndGlobal
